Microsoft Visual Studio Solution File, Format Version 12.00
# Visual Studio Version 17
VisualStudioVersion = 17.5.2.0
MinimumVisualStudioVersion = 10.0.40219.1
Project("{FAE04EC0-301F-11D3-BF4B-00C04F79EFBC}") = "realtime-chat-tests", "realtime-chat-tests\realtime-chat-tests.csproj", "{8C188D71-D20B-0520-9C82-2BF0A32EB924}"
EndProject
Project("{FAE04EC0-301F-11D3-BF4B-00C04F79EFBC}") = "realtime-chat-api", "realtime-chat-api\realtime-chat-api.csproj", "{33EEE9AE-917B-B7C1-AC81-D802C3B5D689}"
EndProject
Global
	GlobalSection(SolutionConfigurationPlatforms) = preSolution
		Debug|Any CPU = Debug|Any CPU
		Release|Any CPU = Release|Any CPU
	EndGlobalSection
	GlobalSection(ProjectConfigurationPlatforms) = postSolution
		{8C188D71-D20B-0520-9C82-2BF0A32EB924}.Debug|Any CPU.ActiveCfg = Debug|Any CPU
		{8C188D71-D20B-0520-9C82-2BF0A32EB924}.Debug|Any CPU.Build.0 = Debug|Any CPU
		{8C188D71-D20B-0520-9C82-2BF0A32EB924}.Release|Any CPU.ActiveCfg = Release|Any CPU
		{8C188D71-D20B-0520-9C82-2BF0A32EB924}.Release|Any CPU.Build.0 = Release|Any CPU
		{33EEE9AE-917B-B7C1-AC81-D802C3B5D689}.Debug|Any CPU.ActiveCfg = Debug|Any CPU
		{33EEE9AE-917B-B7C1-AC81-D802C3B5D689}.Debug|Any CPU.Build.0 = Debug|Any CPU
		{33EEE9AE-917B-B7C1-AC81-D802C3B5D689}.Release|Any CPU.ActiveCfg = Release|Any CPU
		{33EEE9AE-917B-B7C1-AC81-D802C3B5D689}.Release|Any CPU.Build.0 = Release|Any CPU
	EndGlobalSection
	GlobalSection(SolutionProperties) = preSolution
		HideSolutionNode = FALSE
	EndGlobalSection
	GlobalSection(ExtensibilityGlobals) = postSolution
		SolutionGuid = {5BD657C6-E85C-44D8-B133-FD31673DC7FB}
	EndGlobalSection
EndGlobal
